
Microsoft Visual Studio Solution File, Format Version 12.00
# Visual Studio 2012
Project("{2150E333-8FDC-42A3-9474-1A3956D46DE8}") = "Repository", "Repository", "{F144D8CD-3810-4F09-B3CF-EA873B8C71B0}"
EndProject
Project("{2150E333-8FDC-42A3-9474-1A3956D46DE8}") = "NHIdentity", "NHIdentity", "{8BBEC927-8965-429A-8F1D-060946D29B41}"
EndProject
Project("{FAE04EC0-301F-11D3-BF4B-00C04F79EFBC}") = "EntityModels", "Repository\EntityModels\EntityModels.csproj", "{0CBA3957-4082-472A-8F5E-A2C45C37E659}"
EndProject
Project("{FAE04EC0-301F-11D3-BF4B-00C04F79EFBC}") = "IdentityModels", "NHIdentity\IdentityModels\IdentityModels.csproj", "{6A81378C-99A9-4D57-8A65-906F679B9390}"
EndProject
Project("{FAE04EC0-301F-11D3-BF4B-00C04F79EFBC}") = "IdentityProcess", "NHIdentity\IdentityProcess\IdentityProcess.csproj", "{31024116-95E2-4E81-BACD-3AAD5EBAECB3}"
EndProject
Project("{FAE04EC0-301F-11D3-BF4B-00C04F79EFBC}") = "GoalRepository", "Repository\GoalRepository\GoalRepository.csproj", "{B7F330B4-B626-45B9-AA01-A69BE23950E3}"
EndProject
Project("{FAE04EC0-301F-11D3-BF4B-00C04F79EFBC}") = "IdentityModelEntities", "NHIdentity\IdentityModelEntities\IdentityModelEntities.csproj", "{CF5F70B0-1233-4234-BA1B-1A11DF59987F}"
EndProject
Project("{FAE04EC0-301F-11D3-BF4B-00C04F79EFBC}") = "GoalWeb", "GoalWeb\GoalWeb.csproj", "{A3E671E5-0877-4021-A6B4-CD0561BDF6FF}"
EndProject
Project("{FAE04EC0-301F-11D3-BF4B-00C04F79EFBC}") = "Goal.Models", "Goal.Models\Goal.Models.csproj", "{D3FA9389-03FD-40FB-94E9-1CA703A1D523}"
EndProject
Project("{FAE04EC0-301F-11D3-BF4B-00C04F79EFBC}") = "Behaviours", "Behaviours\Behaviours.csproj", "{36B63F3F-F901-4F30-B424-93D4F9B75D0E}"
EndProject
Project("{FAE04EC0-301F-11D3-BF4B-00C04F79EFBC}") = "Goal.Mappings", "Goal.Mappings\Goal.Mappings.csproj", "{459C7AA1-4DD0-424E-8D65-8CA71D06BF5E}"
EndProject
Project("{FAE04EC0-301F-11D3-BF4B-00C04F79EFBC}") = "RepositoryInterfaces", "Repository\RepositoryInterfaces\RepositoryInterfaces.csproj", "{98BA7934-C438-4D39-997E-D083791154F3}"
EndProject
Project("{FAE04EC0-301F-11D3-BF4B-00C04F79EFBC}") = "GoalManagement", "GoalManagement\GoalManagement.csproj", "{07A3DE27-FAD5-489E-9B01-DDD7EABDD87B}"
EndProject
Project("{FAE04EC0-301F-11D3-BF4B-00C04F79EFBC}") = "Goal.Shared", "Goal.Shared\Goal.Shared.csproj", "{9011B895-F80F-493A-BF09-D0ED575A9B75}"
EndProject
Global
	GlobalSection(SolutionConfigurationPlatforms) = preSolution
		Debug|Any CPU = Debug|Any CPU
		Release|Any CPU = Release|Any CPU
	EndGlobalSection
	GlobalSection(ProjectConfigurationPlatforms) = postSolution
		{0CBA3957-4082-472A-8F5E-A2C45C37E659}.Debug|Any CPU.ActiveCfg = Debug|Any CPU
		{0CBA3957-4082-472A-8F5E-A2C45C37E659}.Debug|Any CPU.Build.0 = Debug|Any CPU
		{0CBA3957-4082-472A-8F5E-A2C45C37E659}.Release|Any CPU.ActiveCfg = Release|Any CPU
		{0CBA3957-4082-472A-8F5E-A2C45C37E659}.Release|Any CPU.Build.0 = Release|Any CPU
		{6A81378C-99A9-4D57-8A65-906F679B9390}.Debug|Any CPU.ActiveCfg = Debug|Any CPU
		{6A81378C-99A9-4D57-8A65-906F679B9390}.Debug|Any CPU.Build.0 = Debug|Any CPU
		{6A81378C-99A9-4D57-8A65-906F679B9390}.Release|Any CPU.ActiveCfg = Release|Any CPU
		{6A81378C-99A9-4D57-8A65-906F679B9390}.Release|Any CPU.Build.0 = Release|Any CPU
		{31024116-95E2-4E81-BACD-3AAD5EBAECB3}.Debug|Any CPU.ActiveCfg = Debug|Any CPU
		{31024116-95E2-4E81-BACD-3AAD5EBAECB3}.Debug|Any CPU.Build.0 = Debug|Any CPU
		{31024116-95E2-4E81-BACD-3AAD5EBAECB3}.Release|Any CPU.ActiveCfg = Release|Any CPU
		{31024116-95E2-4E81-BACD-3AAD5EBAECB3}.Release|Any CPU.Build.0 = Release|Any CPU
		{B7F330B4-B626-45B9-AA01-A69BE23950E3}.Debug|Any CPU.ActiveCfg = Debug|Any CPU
		{B7F330B4-B626-45B9-AA01-A69BE23950E3}.Debug|Any CPU.Build.0 = Debug|Any CPU
		{B7F330B4-B626-45B9-AA01-A69BE23950E3}.Release|Any CPU.ActiveCfg = Release|Any CPU
		{B7F330B4-B626-45B9-AA01-A69BE23950E3}.Release|Any CPU.Build.0 = Release|Any CPU
		{CF5F70B0-1233-4234-BA1B-1A11DF59987F}.Debug|Any CPU.ActiveCfg = Debug|Any CPU
		{CF5F70B0-1233-4234-BA1B-1A11DF59987F}.Debug|Any CPU.Build.0 = Debug|Any CPU
		{CF5F70B0-1233-4234-BA1B-1A11DF59987F}.Release|Any CPU.ActiveCfg = Release|Any CPU
		{CF5F70B0-1233-4234-BA1B-1A11DF59987F}.Release|Any CPU.Build.0 = Release|Any CPU
		{A3E671E5-0877-4021-A6B4-CD0561BDF6FF}.Debug|Any CPU.ActiveCfg = Debug|Any CPU
		{A3E671E5-0877-4021-A6B4-CD0561BDF6FF}.Debug|Any CPU.Build.0 = Debug|Any CPU
		{A3E671E5-0877-4021-A6B4-CD0561BDF6FF}.Release|Any CPU.ActiveCfg = Release|Any CPU
		{A3E671E5-0877-4021-A6B4-CD0561BDF6FF}.Release|Any CPU.Build.0 = Release|Any CPU
		{D3FA9389-03FD-40FB-94E9-1CA703A1D523}.Debug|Any CPU.ActiveCfg = Debug|Any CPU
		{D3FA9389-03FD-40FB-94E9-1CA703A1D523}.Debug|Any CPU.Build.0 = Debug|Any CPU
		{D3FA9389-03FD-40FB-94E9-1CA703A1D523}.Release|Any CPU.ActiveCfg = Release|Any CPU
		{D3FA9389-03FD-40FB-94E9-1CA703A1D523}.Release|Any CPU.Build.0 = Release|Any CPU
		{36B63F3F-F901-4F30-B424-93D4F9B75D0E}.Debug|Any CPU.ActiveCfg = Debug|Any CPU
		{36B63F3F-F901-4F30-B424-93D4F9B75D0E}.Debug|Any CPU.Build.0 = Debug|Any CPU
		{36B63F3F-F901-4F30-B424-93D4F9B75D0E}.Release|Any CPU.ActiveCfg = Release|Any CPU
		{36B63F3F-F901-4F30-B424-93D4F9B75D0E}.Release|Any CPU.Build.0 = Release|Any CPU
		{459C7AA1-4DD0-424E-8D65-8CA71D06BF5E}.Debug|Any CPU.ActiveCfg = Debug|Any CPU
		{459C7AA1-4DD0-424E-8D65-8CA71D06BF5E}.Debug|Any CPU.Build.0 = Debug|Any CPU
		{459C7AA1-4DD0-424E-8D65-8CA71D06BF5E}.Release|Any CPU.ActiveCfg = Release|Any CPU
		{459C7AA1-4DD0-424E-8D65-8CA71D06BF5E}.Release|Any CPU.Build.0 = Release|Any CPU
		{98BA7934-C438-4D39-997E-D083791154F3}.Debug|Any CPU.ActiveCfg = Debug|Any CPU
		{98BA7934-C438-4D39-997E-D083791154F3}.Debug|Any CPU.Build.0 = Debug|Any CPU
		{98BA7934-C438-4D39-997E-D083791154F3}.Release|Any CPU.ActiveCfg = Release|Any CPU
		{98BA7934-C438-4D39-997E-D083791154F3}.Release|Any CPU.Build.0 = Release|Any CPU
		{07A3DE27-FAD5-489E-9B01-DDD7EABDD87B}.Debug|Any CPU.ActiveCfg = Debug|Any CPU
		{07A3DE27-FAD5-489E-9B01-DDD7EABDD87B}.Debug|Any CPU.Build.0 = Debug|Any CPU
		{07A3DE27-FAD5-489E-9B01-DDD7EABDD87B}.Release|Any CPU.ActiveCfg = Release|Any CPU
		{07A3DE27-FAD5-489E-9B01-DDD7EABDD87B}.Release|Any CPU.Build.0 = Release|Any CPU
		{9011B895-F80F-493A-BF09-D0ED575A9B75}.Debug|Any CPU.ActiveCfg = Debug|Any CPU
		{9011B895-F80F-493A-BF09-D0ED575A9B75}.Debug|Any CPU.Build.0 = Debug|Any CPU
		{9011B895-F80F-493A-BF09-D0ED575A9B75}.Release|Any CPU.ActiveCfg = Release|Any CPU
		{9011B895-F80F-493A-BF09-D0ED575A9B75}.Release|Any CPU.Build.0 = Release|Any CPU
	EndGlobalSection
	GlobalSection(SolutionProperties) = preSolution
		HideSolutionNode = FALSE
	EndGlobalSection
	GlobalSection(NestedProjects) = preSolution
		{0CBA3957-4082-472A-8F5E-A2C45C37E659} = {F144D8CD-3810-4F09-B3CF-EA873B8C71B0}
		{B7F330B4-B626-45B9-AA01-A69BE23950E3} = {F144D8CD-3810-4F09-B3CF-EA873B8C71B0}
		{98BA7934-C438-4D39-997E-D083791154F3} = {F144D8CD-3810-4F09-B3CF-EA873B8C71B0}
		{6A81378C-99A9-4D57-8A65-906F679B9390} = {8BBEC927-8965-429A-8F1D-060946D29B41}
		{31024116-95E2-4E81-BACD-3AAD5EBAECB3} = {8BBEC927-8965-429A-8F1D-060946D29B41}
		{CF5F70B0-1233-4234-BA1B-1A11DF59987F} = {8BBEC927-8965-429A-8F1D-060946D29B41}
	EndGlobalSection
EndGlobal
